
Microsoft Visual Studio Solution File, Format Version 12.00
Project("{2150E333-8FDC-42A3-9474-1A3956D46DE8}") = "Services", "Services", "{EA615E87-5329-43AB-9775-9C4A9AA62C3B}"
EndProject
Project("{2150E333-8FDC-42A3-9474-1A3956D46DE8}") = "Catalog", "Catalog", "{01F2AA82-A9F2-4E97-A708-E278ADDAD097}"
EndProject
Project("{FAE04EC0-301F-11D3-BF4B-00C04F79EFBC}") = "Catalog.API", "Services\Catalog\Catalog.API\Catalog.API.csproj", "{CF78896C-3476-4410-9291-5018EF554B7F}"
EndProject
Project("{FAE04EC0-301F-11D3-BF4B-00C04F79EFBC}") = "Catalog.Core", "Services\Catalog\Catalog.Core\Catalog.Core.csproj", "{CD227933-78B8-40BB-BFCF-FF73F0149680}"
EndProject
Project("{FAE04EC0-301F-11D3-BF4B-00C04F79EFBC}") = "Catalog.Application", "Services\Catalog\Catalog.Application\Catalog.Application.csproj", "{CE3850B6-4DEC-449F-9FC6-9FE5C3CD9DFE}"
EndProject
Project("{FAE04EC0-301F-11D3-BF4B-00C04F79EFBC}") = "Catalog.Infrastructure", "Services\Catalog\Catalog.Infrastructure\Catalog.Infrastructure.csproj", "{9D8221F4-BB0A-4D60-BF54-7014F762A636}"
EndProject
Project("{E53339B2-1760-4266-BCC7-CA923CBCF16C}") = "docker-compose", "docker-compose.dcproj", "{A92412CF-0A07-452C-9DCF-EF3F436F8FA8}"
EndProject
Project("{2150E333-8FDC-42A3-9474-1A3956D46DE8}") = "Basket", "Basket", "{493A803F-17B5-4BC6-8770-8A8C721EE338}"
EndProject
Project("{FAE04EC0-301F-11D3-BF4B-00C04F79EFBC}") = "Basket.Application", "Services\Basket\Basket.Application\Basket.Application.csproj", "{7B477CF6-C998-4837-B55F-6302B99123D4}"
EndProject
Project("{FAE04EC0-301F-11D3-BF4B-00C04F79EFBC}") = "Basket.Core", "Services\Basket\Basket.Core\Basket.Core.csproj", "{54FEED42-FC18-4F44-A4D0-BA93A9824EA3}"
EndProject
Project("{FAE04EC0-301F-11D3-BF4B-00C04F79EFBC}") = "Basket.Infrastructure", "Services\Basket\Basket.Infrastructure\Basket.Infrastructure.csproj", "{5400B6F5-6D51-43F5-93E9-17A57828A093}"
EndProject
Project("{FAE04EC0-301F-11D3-BF4B-00C04F79EFBC}") = "Basket.API", "Services\Basket\Basket.API\Basket.API.csproj", "{C61CE722-90FD-41F3-8663-B460FB13E728}"
EndProject
Project("{2150E333-8FDC-42A3-9474-1A3956D46DE8}") = "Discount", "Discount", "{B644BD07-D679-48EC-BAD7-AD0F1A609CF0}"
EndProject
Project("{FAE04EC0-301F-11D3-BF4B-00C04F79EFBC}") = "Discount.API", "Services\Discount\Discount.API\Discount.API.csproj", "{8990A66E-2C81-4E6A-9D60-6BD66D11660F}"
EndProject
Project("{FAE04EC0-301F-11D3-BF4B-00C04F79EFBC}") = "Discount.Core", "Services\Discount\Discount.Core\Discount.Core.csproj", "{846D6B51-3707-4608-93B1-E1014099B4BA}"
EndProject
Project("{FAE04EC0-301F-11D3-BF4B-00C04F79EFBC}") = "Discount.Infrastructure", "Services\Discount\Discount.Infrastructure\Discount.Infrastructure.csproj", "{4C497CFD-C2B2-4F0C-B29F-AA5ACA65EB8D}"
EndProject
Project("{FAE04EC0-301F-11D3-BF4B-00C04F79EFBC}") = "Discount.Application", "Services\Discount\Discount.Application\Discount.Application.csproj", "{FEEF0376-5607-48FF-8D83-56179985A20F}"
EndProject
Global
	GlobalSection(SolutionConfigurationPlatforms) = preSolution
		Debug|Any CPU = Debug|Any CPU
		Release|Any CPU = Release|Any CPU
	EndGlobalSection
	GlobalSection(NestedProjects) = preSolution
		{01F2AA82-A9F2-4E97-A708-E278ADDAD097} = {EA615E87-5329-43AB-9775-9C4A9AA62C3B}
		{CF78896C-3476-4410-9291-5018EF554B7F} = {01F2AA82-A9F2-4E97-A708-E278ADDAD097}
		{CD227933-78B8-40BB-BFCF-FF73F0149680} = {01F2AA82-A9F2-4E97-A708-E278ADDAD097}
		{CE3850B6-4DEC-449F-9FC6-9FE5C3CD9DFE} = {01F2AA82-A9F2-4E97-A708-E278ADDAD097}
		{9D8221F4-BB0A-4D60-BF54-7014F762A636} = {01F2AA82-A9F2-4E97-A708-E278ADDAD097}
		{493A803F-17B5-4BC6-8770-8A8C721EE338} = {EA615E87-5329-43AB-9775-9C4A9AA62C3B}
		{7B477CF6-C998-4837-B55F-6302B99123D4} = {493A803F-17B5-4BC6-8770-8A8C721EE338}
		{54FEED42-FC18-4F44-A4D0-BA93A9824EA3} = {493A803F-17B5-4BC6-8770-8A8C721EE338}
		{5400B6F5-6D51-43F5-93E9-17A57828A093} = {493A803F-17B5-4BC6-8770-8A8C721EE338}
		{C61CE722-90FD-41F3-8663-B460FB13E728} = {493A803F-17B5-4BC6-8770-8A8C721EE338}
		{B644BD07-D679-48EC-BAD7-AD0F1A609CF0} = {EA615E87-5329-43AB-9775-9C4A9AA62C3B}
		{8990A66E-2C81-4E6A-9D60-6BD66D11660F} = {B644BD07-D679-48EC-BAD7-AD0F1A609CF0}
		{846D6B51-3707-4608-93B1-E1014099B4BA} = {B644BD07-D679-48EC-BAD7-AD0F1A609CF0}
		{4C497CFD-C2B2-4F0C-B29F-AA5ACA65EB8D} = {B644BD07-D679-48EC-BAD7-AD0F1A609CF0}
		{FEEF0376-5607-48FF-8D83-56179985A20F} = {B644BD07-D679-48EC-BAD7-AD0F1A609CF0}
	EndGlobalSection
	GlobalSection(ProjectConfigurationPlatforms) = postSolution
		{CF78896C-3476-4410-9291-5018EF554B7F}.Debug|Any CPU.ActiveCfg = Debug|Any CPU
		{CF78896C-3476-4410-9291-5018EF554B7F}.Debug|Any CPU.Build.0 = Debug|Any CPU
		{CF78896C-3476-4410-9291-5018EF554B7F}.Release|Any CPU.ActiveCfg = Release|Any CPU
		{CF78896C-3476-4410-9291-5018EF554B7F}.Release|Any CPU.Build.0 = Release|Any CPU
		{CD227933-78B8-40BB-BFCF-FF73F0149680}.Debug|Any CPU.ActiveCfg = Debug|Any CPU
		{CD227933-78B8-40BB-BFCF-FF73F0149680}.Debug|Any CPU.Build.0 = Debug|Any CPU
		{CD227933-78B8-40BB-BFCF-FF73F0149680}.Release|Any CPU.ActiveCfg = Release|Any CPU
		{CD227933-78B8-40BB-BFCF-FF73F0149680}.Release|Any CPU.Build.0 = Release|Any CPU
		{CE3850B6-4DEC-449F-9FC6-9FE5C3CD9DFE}.Debug|Any CPU.ActiveCfg = Debug|Any CPU
		{CE3850B6-4DEC-449F-9FC6-9FE5C3CD9DFE}.Debug|Any CPU.Build.0 = Debug|Any CPU
		{CE3850B6-4DEC-449F-9FC6-9FE5C3CD9DFE}.Release|Any CPU.ActiveCfg = Release|Any CPU
		{CE3850B6-4DEC-449F-9FC6-9FE5C3CD9DFE}.Release|Any CPU.Build.0 = Release|Any CPU
		{9D8221F4-BB0A-4D60-BF54-7014F762A636}.Debug|Any CPU.ActiveCfg = Debug|Any CPU
		{9D8221F4-BB0A-4D60-BF54-7014F762A636}.Debug|Any CPU.Build.0 = Debug|Any CPU
		{9D8221F4-BB0A-4D60-BF54-7014F762A636}.Release|Any CPU.ActiveCfg = Release|Any CPU
		{9D8221F4-BB0A-4D60-BF54-7014F762A636}.Release|Any CPU.Build.0 = Release|Any CPU
		{7B477CF6-C998-4837-B55F-6302B99123D4}.Debug|Any CPU.ActiveCfg = Debug|Any CPU
		{7B477CF6-C998-4837-B55F-6302B99123D4}.Debug|Any CPU.Build.0 = Debug|Any CPU
		{7B477CF6-C998-4837-B55F-6302B99123D4}.Release|Any CPU.ActiveCfg = Release|Any CPU
		{7B477CF6-C998-4837-B55F-6302B99123D4}.Release|Any CPU.Build.0 = Release|Any CPU
		{54FEED42-FC18-4F44-A4D0-BA93A9824EA3}.Debug|Any CPU.ActiveCfg = Debug|Any CPU
		{54FEED42-FC18-4F44-A4D0-BA93A9824EA3}.Debug|Any CPU.Build.0 = Debug|Any CPU
		{54FEED42-FC18-4F44-A4D0-BA93A9824EA3}.Release|Any CPU.ActiveCfg = Release|Any CPU
		{54FEED42-FC18-4F44-A4D0-BA93A9824EA3}.Release|Any CPU.Build.0 = Release|Any CPU
		{5400B6F5-6D51-43F5-93E9-17A57828A093}.Debug|Any CPU.ActiveCfg = Debug|Any CPU
		{5400B6F5-6D51-43F5-93E9-17A57828A093}.Debug|Any CPU.Build.0 = Debug|Any CPU
		{5400B6F5-6D51-43F5-93E9-17A57828A093}.Release|Any CPU.ActiveCfg = Release|Any CPU
		{5400B6F5-6D51-43F5-93E9-17A57828A093}.Release|Any CPU.Build.0 = Release|Any CPU
		{C61CE722-90FD-41F3-8663-B460FB13E728}.Debug|Any CPU.ActiveCfg = Debug|Any CPU
		{C61CE722-90FD-41F3-8663-B460FB13E728}.Debug|Any CPU.Build.0 = Debug|Any CPU
		{C61CE722-90FD-41F3-8663-B460FB13E728}.Release|Any CPU.ActiveCfg = Release|Any CPU
		{C61CE722-90FD-41F3-8663-B460FB13E728}.Release|Any CPU.Build.0 = Release|Any CPU
		{8990A66E-2C81-4E6A-9D60-6BD66D11660F}.Debug|Any CPU.ActiveCfg = Debug|Any CPU
		{8990A66E-2C81-4E6A-9D60-6BD66D11660F}.Debug|Any CPU.Build.0 = Debug|Any CPU
		{8990A66E-2C81-4E6A-9D60-6BD66D11660F}.Release|Any CPU.ActiveCfg = Release|Any CPU
		{8990A66E-2C81-4E6A-9D60-6BD66D11660F}.Release|Any CPU.Build.0 = Release|Any CPU
		{846D6B51-3707-4608-93B1-E1014099B4BA}.Debug|Any CPU.ActiveCfg = Debug|Any CPU
		{846D6B51-3707-4608-93B1-E1014099B4BA}.Debug|Any CPU.Build.0 = Debug|Any CPU
		{846D6B51-3707-4608-93B1-E1014099B4BA}.Release|Any CPU.ActiveCfg = Release|Any CPU
		{846D6B51-3707-4608-93B1-E1014099B4BA}.Release|Any CPU.Build.0 = Release|Any CPU
		{4C497CFD-C2B2-4F0C-B29F-AA5ACA65EB8D}.Debug|Any CPU.ActiveCfg = Debug|Any CPU
		{4C497CFD-C2B2-4F0C-B29F-AA5ACA65EB8D}.Debug|Any CPU.Build.0 = Debug|Any CPU
		{4C497CFD-C2B2-4F0C-B29F-AA5ACA65EB8D}.Release|Any CPU.ActiveCfg = Release|Any CPU
		{4C497CFD-C2B2-4F0C-B29F-AA5ACA65EB8D}.Release|Any CPU.Build.0 = Release|Any CPU
		{FEEF0376-5607-48FF-8D83-56179985A20F}.Debug|Any CPU.ActiveCfg = Debug|Any CPU
		{FEEF0376-5607-48FF-8D83-56179985A20F}.Debug|Any CPU.Build.0 = Debug|Any CPU
		{FEEF0376-5607-48FF-8D83-56179985A20F}.Release|Any CPU.ActiveCfg = Release|Any CPU
		{FEEF0376-5607-48FF-8D83-56179985A20F}.Release|Any CPU.Build.0 = Release|Any CPU
	EndGlobalSection
EndGlobal
